// !$*UTF8*$!
{
	archiveVersion = 1;
	classes = {
	};
	objectVersion = 55;
	objects = {

/* Begin PBXBuildFile section */
		7C0E83E127A7409600B9D5EE /* SomeAppApp.swift in Sources */ = {isa = PBXBuildFile; fileRef = 7C0E83E027A7409600B9D5EE /* SomeAppApp.swift */; };
		7C0E83E327A7409600B9D5EE /* ContentView.swift in Sources */ = {isa = PBXBuildFile; fileRef = 7C0E83E227A7409600B9D5EE /* ContentView.swift */; };
		7C0E83E527A7409800B9D5EE /* Assets.xcassets in Resources */ = {isa = PBXBuildFile; fileRef = 7C0E83E427A7409800B9D5EE /* Assets.xcassets */; };
		7C0E83E827A7409800B9D5EE /* Preview Assets.xcassets in Resources */ = {isa = PBXBuildFile; fileRef = 7C0E83E727A7409800B9D5EE /* Preview Assets.xcassets */; };
		7C0E83F127A740ED00B9D5EE /* LiquidSwipeView.swift in Sources */ = {isa = PBXBuildFile; fileRef = 7C0E83F027A740ED00B9D5EE /* LiquidSwipeView.swift */; };
		7C0E83F327A7411D00B9D5EE /* SliderData.swift in Sources */ = {isa = PBXBuildFile; fileRef = 7C0E83F227A7411D00B9D5EE /* SliderData.swift */; };
		7C0E83F527A7414400B9D5EE /* WaveView.swift in Sources */ = {isa = PBXBuildFile; fileRef = 7C0E83F427A7414400B9D5EE /* WaveView.swift */; };
		7C0E841727A7C3BF00B9D5EE /* HomeView.swift in Sources */ = {isa = PBXBuildFile; fileRef = 7C0E841627A7C3BF00B9D5EE /* HomeView.swift */; };
/* End PBXBuildFile section */

/* Begin PBXFileReference section */
		7C0E83DD27A7409600B9D5EE /* SomeApp.app */ = {isa = PBXFileReference; explicitFileType = wrapper.application; includeInIndex = 0; path = SomeApp.app; sourceTree = BUILT_PRODUCTS_DIR; };
		7C0E83E027A7409600B9D5EE /* SomeAppApp.swift */ = {isa = PBXFileReference; lastKnownFileType = sourcecode.swift; path = SomeAppApp.swift; sourceTree = "<group>"; };
		7C0E83E227A7409600B9D5EE /* ContentView.swift */ = {isa = PBXFileReference; lastKnownFileType = sourcecode.swift; path = ContentView.swift; sourceTree = "<group>"; };
		7C0E83E427A7409800B9D5EE /* Assets.xcassets */ = {isa = PBXFileReference; lastKnownFileType = folder.assetcatalog; path = Assets.xcassets; sourceTree = "<group>"; };
		7C0E83E727A7409800B9D5EE /* Preview Assets.xcassets */ = {isa = PBXFileReference; lastKnownFileType = folder.assetcatalog; path = "Preview Assets.xcassets"; sourceTree = "<group>"; };
		7C0E83F027A740ED00B9D5EE /* LiquidSwipeView.swift */ = {isa = PBXFileReference; lastKnownFileType = sourcecode.swift; path = LiquidSwipeView.swift; sourceTree = "<group>"; };
		7C0E83F227A7411D00B9D5EE /* SliderData.swift */ = {isa = PBXFileReference; lastKnownFileType = sourcecode.swift; path = SliderData.swift; sourceTree = "<group>"; };
		7C0E83F427A7414400B9D5EE /* WaveView.swift */ = {isa = PBXFileReference; lastKnownFileType = sourcecode.swift; path = WaveView.swift; sourceTree = "<group>"; };
		7C0E841627A7C3BF00B9D5EE /* HomeView.swift */ = {isa = PBXFileReference; lastKnownFileType = sourcecode.swift; path = HomeView.swift; sourceTree = "<group>"; };
/* End PBXFileReference section */

/* Begin PBXFrameworksBuildPhase section */
		7C0E83DA27A7409600B9D5EE /* Frameworks */ = {
			isa = PBXFrameworksBuildPhase;
			buildActionMask = 2147483647;
			files = (
			);
			runOnlyForDeploymentPostprocessing = 0;
		};
/* End PBXFrameworksBuildPhase section */

/* Begin PBXGroup section */
		7C0E83D427A7409600B9D5EE = {
			isa = PBXGroup;
			children = (
				7C0E83DF27A7409600B9D5EE /* SomeApp */,
				7C0E83DE27A7409600B9D5EE /* Products */,
			);
			sourceTree = "<group>";
		};
		7C0E83DE27A7409600B9D5EE /* Products */ = {
			isa = PBXGroup;
			children = (
				7C0E83DD27A7409600B9D5EE /* SomeApp.app */,
			);
			name = Products;
			sourceTree = "<group>";
		};
		7C0E83DF27A7409600B9D5EE /* SomeApp */ = {
			isa = PBXGroup;
			children = (
				7C0E83E027A7409600B9D5EE /* SomeAppApp.swift */,
				7C0E841527A7C39A00B9D5EE /* Controller */,
				7C0E83E427A7409800B9D5EE /* Assets.xcassets */,
				7C0E83E627A7409800B9D5EE /* Preview Content */,
			);
			path = SomeApp;
			sourceTree = "<group>";
		};
		7C0E83E627A7409800B9D5EE /* Preview Content */ = {
			isa = PBXGroup;
			children = (
				7C0E83E727A7409800B9D5EE /* Preview Assets.xcassets */,
			);
			path = "Preview Content";
			sourceTree = "<group>";
		};
		7C0E841427A7C38200B9D5EE /* Onboarding */ = {
			isa = PBXGroup;
			children = (
				7C0E83E227A7409600B9D5EE /* ContentView.swift */,
				7C0E83F027A740ED00B9D5EE /* LiquidSwipeView.swift */,
				7C0E83F227A7411D00B9D5EE /* SliderData.swift */,
				7C0E83F427A7414400B9D5EE /* WaveView.swift */,
			);
			path = Onboarding;
			sourceTree = "<group>";
		};
		7C0E841527A7C39A00B9D5EE /* Controller */ = {
			isa = PBXGroup;
			children = (
				7C0E841627A7C3BF00B9D5EE /* HomeView.swift */,
				7C0E841427A7C38200B9D5EE /* Onboarding */,
			);
			path = Controller;
			sourceTree = "<group>";
		};
/* End PBXGroup section */

/* Begin PBXNativeTarget section */
		7C0E83DC27A7409600B9D5EE /* SomeApp */ = {
			isa = PBXNativeTarget;
			buildConfigurationList = 7C0E83EB27A7409800B9D5EE /* Build configuration list for PBXNativeTarget "SomeApp" */;
			buildPhases = (
				7C0E83D927A7409600B9D5EE /* Sources */,
				7C0E83DA27A7409600B9D5EE /* Frameworks */,
				7C0E83DB27A7409600B9D5EE /* Resources */,
			);
			buildRules = (
			);
			dependencies = (
			);
			name = SomeApp;
			productName = SomeApp;
			productReference = 7C0E83DD27A7409600B9D5EE /* SomeApp.app */;
			productType = "com.apple.product-type.application";
		};
/* End PBXNativeTarget section */

/* Begin PBXProject section */
		7C0E83D527A7409600B9D5EE /* Project object */ = {
			isa = PBXProject;
			attributes = {
				BuildIndependentTargetsInParallel = 1;
				LastSwiftUpdateCheck = 1320;
				LastUpgradeCheck = 1320;
				TargetAttributes = {
					7C0E83DC27A7409600B9D5EE = {
						CreatedOnToolsVersion = 13.2.1;
					};
				};
			};
			buildConfigurationList = 7C0E83D827A7409600B9D5EE /* Build configuration list for PBXProject "SomeApp" */;
			compatibilityVersion = "Xcode 13.0";
			developmentRegion = en;
			hasScannedForEncodings = 0;
			knownRegions = (
				en,
				Base,
			);
			mainGroup = 7C0E83D427A7409600B9D5EE;
			productRefGroup = 7C0E83DE27A7409600B9D5EE /* Products */;
			projectDirPath = "";
			projectRoot = "";
			targets = (
				7C0E83DC27A7409600B9D5EE /* SomeApp */,
			);
		};
/* End PBXProject section */

/* Begin PBXResourcesBuildPhase section */
		7C0E83DB27A7409600B9D5EE /* Resources */ = {
			isa = PBXResourcesBuildPhase;
			buildActionMask = 2147483647;
			files = (
				7C0E83E827A7409800B9D5EE /* Preview Assets.xcassets in Resources */,
				7C0E83E527A7409800B9D5EE /* Assets.xcassets in Resources */,
			);
			runOnlyForDeploymentPostprocessing = 0;
		};
/* End PBXResourcesBuildPhase section */

/* Begin PBXSourcesBuildPhase section */
		7C0E83D927A7409600B9D5EE /* Sources */ = {
			isa = PBXSourcesBuildPhase;
			buildActionMask = 2147483647;
			files = (
				7C0E83F127A740ED00B9D5EE /* LiquidSwipeView.swift in Sources */,
				7C0E83F527A7414400B9D5EE /* WaveView.swift in Sources */,
				7C0E83F327A7411D00B9D5EE /* SliderData.swift in Sources */,
				7C0E841727A7C3BF00B9D5EE /* HomeView.swift in Sources */,
				7C0E83E327A7409600B9D5EE /* ContentView.swift in Sources */,
				7C0E83E127A7409600B9D5EE /* SomeAppApp.swift in Sources */,
			);
			runOnlyForDeploymentPostprocessing = 0;
		};
/* End PBXSourcesBuildPhase section */

/* Begin XCBuildConfiguration section */
		7C0E83E927A7409800B9D5EE /* Debug */ = {
			isa = XCBuildConfiguration;
			buildSettings = {
				ALWAYS_SEARCH_USER_PATHS = NO;
				CLANG_ANALYZER_NONNULL = YES;
				CLANG_ANALYZER_NUMBER_OBJECT_CONVERSION = YES_AGGRESSIVE;
				CLANG_CXX_LANGUAGE_STANDARD = "gnu++17";
				CLANG_CXX_LIBRARY = "libc++";
				CLANG_ENABLE_MODULES = YES;
				CLANG_ENABLE_OBJC_ARC = YES;
				CLANG_ENABLE_OBJC_WEAK = YES;
				CLANG_WARN_BLOCK_CAPTURE_AUTORELEASING = YES;
				CLANG_WARN_BOOL_CONVERSION = YES;
				CLANG_WARN_COMMA = YES;
				CLANG_WARN_CONSTANT_CONVERSION = YES;
				CLANG_WARN_DEPRECATED_OBJC_IMPLEMENTATIONS = YES;
				CLANG_WARN_DIRECT_OBJC_ISA_USAGE = YES_ERROR;
				CLANG_WARN_DOCUMENTATION_COMMENTS = YES;
				CLANG_WARN_EMPTY_BODY = YES;
				CLANG_WARN_ENUM_CONVERSION = YES;
				CLANG_WARN_INFINITE_RECURSION = YES;
				CLANG_WARN_INT_CONVERSION = YES;
				CLANG_WARN_NON_LITERAL_NULL_CONVERSION = YES;
				CLANG_WARN_OBJC_IMPLICIT_RETAIN_SELF = YES;
				CLANG_WARN_OBJC_LITERAL_CONVERSION = YES;
				CLANG_WARN_OBJC_ROOT_CLASS = YES_ERROR;
				CLANG_WARN_QUOTED_INCLUDE_IN_FRAMEWORK_HEADER = YES;
				CLANG_WARN_RANGE_LOOP_ANALYSIS = YES;
				CLANG_WARN_STRICT_PROTOTYPES = YES;
				CLANG_WARN_SUSPICIOUS_MOVE = YES;
				CLANG_WARN_UNGUARDED_AVAILABILITY = YES_AGGRESSIVE;
				CLANG_WARN_UNREACHABLE_CODE = YES;
				CLANG_WARN__DUPLICATE_METHOD_MATCH = YES;
				COPY_PHASE_STRIP = NO;
				DEBUG_INFORMATION_FORMAT = dwarf;
				ENABLE_STRICT_OBJC_MSGSEND = YES;
				ENABLE_TESTABILITY = YES;
				GCC_C_LANGUAGE_STANDARD = gnu11;
				GCC_DYNAMIC_NO_PIC = NO;
				GCC_NO_COMMON_BLOCKS = YES;
				GCC_OPTIMIZATION_LEVEL = 0;
				GCC_PREPROCESSOR_DEFINITIONS = (
					"DEBUG=1",
					"$(inherited)",
				);
				GCC_WARN_64_TO_32_BIT_CONVERSION = YES;
				GCC_WARN_ABOUT_RETURN_TYPE = YES_ERROR;
				GCC_WARN_UNDECLARED_SELECTOR = YES;
				GCC_WARN_UNINITIALIZED_AUTOS = YES_AGGRESSIVE;
				GCC_WARN_UNUSED_FUNCTION = YES;
				GCC_WARN_UNUSED_VARIABLE = YES;
				IPHONEOS_DEPLOYMENT_TARGET = 15.2;
				MTL_ENABLE_DEBUG_INFO = INCLUDE_SOURCE;
				MTL_FAST_MATH = YES;
				ONLY_ACTIVE_ARCH = YES;
				SDKROOT = iphoneos;
				SWIFT_ACTIVE_COMPILATION_CONDITIONS = DEBUG;
				SWIFT_OPTIMIZATION_LEVEL = "-Onone";
			};
			name = Debug;
		};
		7C0E83EA27A7409800B9D5EE /* Release */ = {
			isa = XCBuildConfiguration;
			buildSettings = {
				ALWAYS_SEARCH_USER_PATHS = NO;
				CLANG_ANALYZER_NONNULL = YES;
				CLANG_ANALYZER_NUMBER_OBJECT_CONVERSION = YES_AGGRESSIVE;
				CLANG_CXX_LANGUAGE_STANDARD = "gnu++17";
				CLANG_CXX_LIBRARY = "libc++";
				CLANG_ENABLE_MODULES = YES;
				CLANG_ENABLE_OBJC_ARC = YES;
				CLANG_ENABLE_OBJC_WEAK = YES;
				CLANG_WARN_BLOCK_CAPTURE_AUTORELEASING = YES;
				CLANG_WARN_BOOL_CONVERSION = YES;
				CLANG_WARN_COMMA = YES;
				CLANG_WARN_CONSTANT_CONVERSION = YES;
				CLANG_WARN_DEPRECATED_OBJC_IMPLEMENTATIONS = YES;
				CLANG_WARN_DIRECT_OBJC_ISA_USAGE = YES_ERROR;
				CLANG_WARN_DOCUMENTATION_COMMENTS = YES;
				CLANG_WARN_EMPTY_BODY = YES;
				CLANG_WARN_ENUM_CONVERSION = YES;
				CLANG_WARN_INFINITE_RECURSION = YES;
				CLANG_WARN_INT_CONVERSION = YES;
				CLANG_WARN_NON_LITERAL_NULL_CONVERSION = YES;
				CLANG_WARN_OBJC_IMPLICIT_RETAIN_SELF = YES;
				CLANG_WARN_OBJC_LITERAL_CONVERSION = YES;
				CLANG_WARN_OBJC_ROOT_CLASS = YES_ERROR;
				CLANG_WARN_QUOTED_INCLUDE_IN_FRAMEWORK_HEADER = YES;
				CLANG_WARN_RANGE_LOOP_ANALYSIS = YES;
				CLANG_WARN_STRICT_PROTOTYPES = YES;
				CLANG_WARN_SUSPICIOUS_MOVE = YES;
				CLANG_WARN_UNGUARDED_AVAILABILITY = YES_AGGRESSIVE;
				CLANG_WARN_UNREACHABLE_CODE = YES;
				CLANG_WARN__DUPLICATE_METHOD_MATCH = YES;
				COPY_PHASE_STRIP = NO;
				DEBUG_INFORMATION_FORMAT = "dwarf-with-dsym";
				ENABLE_NS_ASSERTIONS = NO;
				ENABLE_STRICT_OBJC_MSGSEND = YES;
				GCC_C_LANGUAGE_STANDARD = gnu11;
				GCC_NO_COMMON_BLOCKS = YES;
				GCC_WARN_64_TO_32_BIT_CONVERSION = YES;
				GCC_WARN_ABOUT_RETURN_TYPE = YES_ERROR;
				GCC_WARN_UNDECLARED_SELECTOR = YES;
				GCC_WARN_UNINITIALIZED_AUTOS = YES_AGGRESSIVE;
				GCC_WARN_UNUSED_FUNCTION = YES;
				GCC_WARN_UNUSED_VARIABLE = YES;
				IPHONEOS_DEPLOYMENT_TARGET = 15.2;
				MTL_ENABLE_DEBUG_INFO = NO;
				MTL_FAST_MATH = YES;
				SDKROOT = iphoneos;
				SWIFT_COMPILATION_MODE = wholemodule;
				SWIFT_OPTIMIZATION_LEVEL = "-O";
				VALIDATE_PRODUCT = YES;
			};
			name = Release;
		};
		7C0E83EC27A7409800B9D5EE /* Debug */ = {
			isa = XCBuildConfiguration;
			buildSettings = {
				ASSETCATALOG_COMPILER_APPICON_NAME = AppIcon;
				ASSETCATALOG_COMPILER_GLOBAL_ACCENT_COLOR_NAME = AccentColor;
				CODE_SIGN_STYLE = Automatic;
				CURRENT_PROJECT_VERSION = 1;
				DEVELOPMENT_ASSET_PATHS = "\"SomeApp/Preview Content\"";
				DEVELOPMENT_TEAM = 3ASACPJ4LD;
				ENABLE_PREVIEWS = YES;
				GENERATE_INFOPLIST_FILE = YES;
				INFOPLIST_KEY_UIApplicationSceneManifest_Generation = YES;
				INFOPLIST_KEY_UIApplicationSupportsIndirectInputEvents = YES;
				INFOPLIST_KEY_UILaunchScreen_Generation = YES;
				INFOPLIST_KEY_UISupportedInterfaceOrientations_iPad = "UIInterfaceOrientationPortrait UIInterfaceOrientationPortraitUpsideDown UIInterfaceOrientationLandscapeLeft UIInterfaceOrientationLandscapeRight";
				INFOPLIST_KEY_UISupportedInterfaceOrientations_iPhone = "UIInterfaceOrientationPortrait UIInterfaceOrientationLandscapeLeft UIInterfaceOrientationLandscapeRight";
				LD_RUNPATH_SEARCH_PATHS = (
					"$(inherited)",
					"@executable_path/Frameworks",
				);
				MARKETING_VERSION = 1.0;
				PRODUCT_BUNDLE_IDENTIFIER = com.IlyaZelkin.SomeApp;
				PRODUCT_NAME = "$(TARGET_NAME)";
				SWIFT_EMIT_LOC_STRINGS = YES;
				SWIFT_VERSION = 5.0;
				TARGETED_DEVICE_FAMILY = "1,2";
			};
			name = Debug;
		};
		7C0E83ED27A7409800B9D5EE /* Release */ = {
			isa = XCBuildConfiguration;
			buildSettings = {
				ASSETCATALOG_COMPILER_APPICON_NAME = AppIcon;
				ASSETCATALOG_COMPILER_GLOBAL_ACCENT_COLOR_NAME = AccentColor;
				CODE_SIGN_STYLE = Automatic;
				CURRENT_PROJECT_VERSION = 1;
				DEVELOPMENT_ASSET_PATHS = "\"SomeApp/Preview Content\"";
				DEVELOPMENT_TEAM = 3ASACPJ4LD;
				ENABLE_PREVIEWS = YES;
				GENERATE_INFOPLIST_FILE = YES;
				INFOPLIST_KEY_UIApplicationSceneManifest_Generation = YES;
				INFOPLIST_KEY_UIApplicationSupportsIndirectInputEvents = YES;
				INFOPLIST_KEY_UILaunchScreen_Generation = YES;
				INFOPLIST_KEY_UISupportedInterfaceOrientations_iPad = "UIInterfaceOrientationPortrait UIInterfaceOrientationPortraitUpsideDown UIInterfaceOrientationLandscapeLeft UIInterfaceOrientationLandscapeRight";
				INFOPLIST_KEY_UISupportedInterfaceOrientations_iPhone = "UIInterfaceOrientationPortrait UIInterfaceOrientationLandscapeLeft UIInterfaceOrientationLandscapeRight";
				LD_RUNPATH_SEARCH_PATHS = (
					"$(inherited)",
					"@executable_path/Frameworks",
				);
				MARKETING_VERSION = 1.0;
				PRODUCT_BUNDLE_IDENTIFIER = com.IlyaZelkin.SomeApp;
				PRODUCT_NAME = "$(TARGET_NAME)";
				SWIFT_EMIT_LOC_STRINGS = YES;
				SWIFT_VERSION = 5.0;
				TARGETED_DEVICE_FAMILY = "1,2";
			};
			name = Release;
		};
/* End XCBuildConfiguration section */

/* Begin XCConfigurationList section */
		7C0E83D827A7409600B9D5EE /* Build configuration list for PBXProject "SomeApp" */ = {
			isa = XCConfigurationList;
			buildConfigurations = (
				7C0E83E927A7409800B9D5EE /* Debug */,
				7C0E83EA27A7409800B9D5EE /* Release */,
			);
			defaultConfigurationIsVisible = 0;
			defaultConfigurationName = Release;
		};
		7C0E83EB27A7409800B9D5EE /* Build configuration list for PBXNativeTarget "SomeApp" */ = {
			isa = XCConfigurationList;
			buildConfigurations = (
				7C0E83EC27A7409800B9D5EE /* Debug */,
				7C0E83ED27A7409800B9D5EE /* Release */,
			);
			defaultConfigurationIsVisible = 0;
			defaultConfigurationName = Release;
		};
/* End XCConfigurationList section */
	};
	rootObject = 7C0E83D527A7409600B9D5EE /* Project object */;
}
